
Microsoft Visual Studio Solution File, Format Version 12.00
# Visual Studio Version 17
VisualStudioVersion = 17.4.32804.182
MinimumVisualStudioVersion = 10.0.40219.1
Project("{9A19103F-16F7-4668-BE54-9A1E7A4F7556}") = "Api", "Api\Api.csproj", "{4B3A8147-5180-48EF-B34E-DE39163EA1EE}"
EndProject
Project("{FAE04EC0-301F-11D3-BF4B-00C04F79EFBC}") = "Core", "Core\Core.csproj", "{60170456-8596-463E-BB2A-0E15AAFBED6E}"
EndProject
Project("{FAE04EC0-301F-11D3-BF4B-00C04F79EFBC}") = "Infrastructure", "Infrastructure\Infrastructure.csproj", "{8ADF64D1-7C42-41B8-8719-84D905F47492}"
EndProject
Global
	GlobalSection(SolutionConfigurationPlatforms) = preSolution
		Debug|Any CPU = Debug|Any CPU
		Release|Any CPU = Release|Any CPU
	EndGlobalSection
	GlobalSection(ProjectConfigurationPlatforms) = postSolution
		{4B3A8147-5180-48EF-B34E-DE39163EA1EE}.Debug|Any CPU.ActiveCfg = Debug|Any CPU
		{4B3A8147-5180-48EF-B34E-DE39163EA1EE}.Debug|Any CPU.Build.0 = Debug|Any CPU
		{4B3A8147-5180-48EF-B34E-DE39163EA1EE}.Release|Any CPU.ActiveCfg = Release|Any CPU
		{4B3A8147-5180-48EF-B34E-DE39163EA1EE}.Release|Any CPU.Build.0 = Release|Any CPU
		{60170456-8596-463E-BB2A-0E15AAFBED6E}.Debug|Any CPU.ActiveCfg = Debug|Any CPU
		{60170456-8596-463E-BB2A-0E15AAFBED6E}.Debug|Any CPU.Build.0 = Debug|Any CPU
		{60170456-8596-463E-BB2A-0E15AAFBED6E}.Release|Any CPU.ActiveCfg = Release|Any CPU
		{60170456-8596-463E-BB2A-0E15AAFBED6E}.Release|Any CPU.Build.0 = Release|Any CPU
		{8ADF64D1-7C42-41B8-8719-84D905F47492}.Debug|Any CPU.ActiveCfg = Debug|Any CPU
		{8ADF64D1-7C42-41B8-8719-84D905F47492}.Debug|Any CPU.Build.0 = Debug|Any CPU
		{8ADF64D1-7C42-41B8-8719-84D905F47492}.Release|Any CPU.ActiveCfg = Release|Any CPU
		{8ADF64D1-7C42-41B8-8719-84D905F47492}.Release|Any CPU.Build.0 = Release|Any CPU
	EndGlobalSection
	GlobalSection(SolutionProperties) = preSolution
		HideSolutionNode = FALSE
	EndGlobalSection
	GlobalSection(ExtensibilityGlobals) = postSolution
		SolutionGuid = {7BE5D23A-EC28-4A65-95A5-8C4FE16B5281}
	EndGlobalSection
EndGlobal
